PODS:
  - Alamofire (5.0.0-beta.6)
  - Common (1.0)

DEPENDENCIES:
  - Alamofire (~> 5.0.0-beta.5)
  - Common (from `../Common`)

SPEC REPOS:
  https://github.com/cocoapods/specs.git:
    - Alamofire

EXTERNAL SOURCES:
  Common:
    :path: "../Common"

SPEC CHECKSUMS:
  Alamofire: cd08a4402bd12cacd0c66f23fb12fec8d6b965e4
  Common: fd5ec49170ef375591c98b5de8b42945766d3057

PODFILE CHECKSUM: a8a0d631fd6e54dfd18d8fff9c78f32def441c66

COCOAPODS: 1.5.3
